{
  "name": "audioplayer",
  "version": "1.0.0",
  "lockfileVersion": 1,
  "requires": true,
  "dependencies": {
    "froala-editor": {
      "version": "4.0.19",
      "resolved": "https://registry.npmjs.org/froala-editor/-/froala-editor-4.0.19.tgz",
      "integrity": "sha512-rvrCiYWx39pApqfFfBQ9p3METidmR9iK4HjW2kRxqW92/bceXtmU+VXRy78BU55+dtv8bctTpr/W2ogCOVR67A=="
    }
  }
}
